// !$*UTF8*$!
{
	archiveVersion = 1;
	classes = {
	};
	objectVersion = 46;
	objects = {

/* Begin PBXBuildFile section */
		1D3623260D0F684500981E51 /* DeceptiCamAppDelegate.m in Sources */ = {isa = PBXBuildFile; fileRef = 1D3623250D0F684500981E51 /* DeceptiCamAppDelegate.m */; };
		1D60589B0D05DD56006BFB54 /* main.m in Sources */ = {isa = PBXBuildFile; fileRef = 29B97316FDCFA39411CA2CEA /* main.m */; };
		1D60589F0D05DD5A006BFB54 /* Foundation.framework in Frameworks */ = {isa = PBXBuildFile; fileRef = 1D30AB110D05D00D00671497 /* Foundation.framework */; };
		1DF5F4E00D08C38300B7A737 /* UIKit.framework in Frameworks */ = {isa = PBXBuildFile; fileRef = 1DF5F4DF0D08C38300B7A737 /* UIKit.framework */; };
		288765A50DF7441C002DB57D /* CoreGraphics.framework in Frameworks */ = {isa = PBXBuildFile; fileRef = 288765A40DF7441C002DB57D /* CoreGraphics.framework */; };
		2899E5220DE3E06400AC0155 /* DeceptiCamViewController.xib in Resources */ = {isa = PBXBuildFile; fileRef = 2899E5210DE3E06400AC0155 /* DeceptiCamViewController.xib */; };
		28AD733F0D9D9553002E5188 /* MainWindow.xib in Resources */ = {isa = PBXBuildFile; fileRef = 28AD733E0D9D9553002E5188 /* MainWindow.xib */; };
		28D7ACF80DDB3853001CB0EB /* DeceptiCamViewController.m in Sources */ = {isa = PBXBuildFile; fileRef = 28D7ACF70DDB3853001CB0EB /* DeceptiCamViewController.m */; };
		463AF9EB1317623F0019E904 /* ImageIO.framework in Frameworks */ = {isa = PBXBuildFile; fileRef = 463AF9EA1317623F0019E904 /* ImageIO.framework */; };
		463AFA711317692A0019E904 /* LACamManager.m in Sources */ = {isa = PBXBuildFile; fileRef = 463AFA6F1317692A0019E904 /* LACamManager.m */; };
		463AFAB013176CB60019E904 /* CoreMedia.framework in Frameworks */ = {isa = PBXBuildFile; fileRef = 463AFAAF13176CB60019E904 /* CoreMedia.framework */; };
		463AFB011319A7F10019E904 /* AssetsLibrary.framework in Frameworks */ = {isa = PBXBuildFile; fileRef = 463AFB001319A7F10019E904 /* AssetsLibrary.framework */; };
		4641EBC1167EE47E00A4E590 /* End@2x.png in Resources */ = {isa = PBXBuildFile; fileRef = 4641EBC0167EE47E00A4E590 /* End@2x.png */; };
		4642C091167AEFA30039EE16 /* LAGlossyStatusView.m in Sources */ = {isa = PBXBuildFile; fileRef = 4642C090167AEFA30039EE16 /* LAGlossyStatusView.m */; };
		4642C093167AF3BE0039EE16 /* Default-568h@2x.png in Resources */ = {isa = PBXBuildFile; fileRef = 4642C092167AF3BE0039EE16 /* Default-568h@2x.png */; };
		46A1528A131AF49A00EBBB69 /* AudioToolbox.framework in Frameworks */ = {isa = PBXBuildFile; fileRef = 46A15289131AF49A00EBBB69 /* AudioToolbox.framework */; };
		46A15293131DEFCF00EBBB69 /* LACallButton.m in Sources */ = {isa = PBXBuildFile; fileRef = 46A15292131DEFCF00EBBB69 /* LACallButton.m */; };
		46A152E6131DF60C00EBBB69 /* QuartzCore.framework in Frameworks */ = {isa = PBXBuildFile; fileRef = 46A152E5131DF60C00EBBB69 /* QuartzCore.framework */; };
		46A153D2131F337900EBBB69 /* LACallButtonContainer.m in Sources */ = {isa = PBXBuildFile; fileRef = 46A153D1131F337900EBBB69 /* LACallButtonContainer.m */; };
		46A15443131F50DD00EBBB69 /* 1x1black.png in Resources */ = {isa = PBXBuildFile; fileRef = 46A15442131F50DD00EBBB69 /* 1x1black.png */; };
		46A15468131F5A3000EBBB69 /* 1x1blue.png in Resources */ = {isa = PBXBuildFile; fileRef = 46A15467131F5A3000EBBB69 /* 1x1blue.png */; };
		46E1741513104631001C311E /* AVFoundation.framework in Frameworks */ = {isa = PBXBuildFile; fileRef = 46E1741413104631001C311E /* AVFoundation.framework */; };
		46E1741713104631001C311E /* MobileCoreServices.framework in Frameworks */ = {isa = PBXBuildFile; fileRef = 46E1741613104631001C311E /* MobileCoreServices.framework */; };
		46E1745013104AD3001C311E /* in-call-screen@2x.png in Resources */ = {isa = PBXBuildFile; fileRef = 46E1744F13104AD3001C311E /* in-call-screen@2x.png */; };
		46EDA09B132412B600A96613 /* contacts.png in Resources */ = {isa = PBXBuildFile; fileRef = 46EDA08F132412B600A96613 /* contacts.png */; };
		46EDA09C132412B600A96613 /* contacts@2x.png in Resources */ = {isa = PBXBuildFile; fileRef = 46EDA090132412B600A96613 /* contacts@2x.png */; };
		46EDA09D132412B600A96613 /* video.png in Resources */ = {isa = PBXBuildFile; fileRef = 46EDA091132412B600A96613 /* video.png */; };
		46EDA09E132412B600A96613 /* video@2x.png in Resources */ = {isa = PBXBuildFile; fileRef = 46EDA092132412B600A96613 /* video@2x.png */; };
		46EDA09F132412B600A96613 /* add_call.png in Resources */ = {isa = PBXBuildFile; fileRef = 46EDA093132412B600A96613 /* add_call.png */; };
		46EDA0A0132412B600A96613 /* add_call@2x.png in Resources */ = {isa = PBXBuildFile; fileRef = 46EDA094132412B600A96613 /* add_call@2x.png */; };
		46EDA0A1132412B600A96613 /* mute.png in Resources */ = {isa = PBXBuildFile; fileRef = 46EDA095132412B600A96613 /* mute.png */; };
		46EDA0A2132412B600A96613 /* mute@2x.png in Resources */ = {isa = PBXBuildFile; fileRef = 46EDA096132412B600A96613 /* mute@2x.png */; };
		46EDA0A3132412B600A96613 /* keypad.png in Resources */ = {isa = PBXBuildFile; fileRef = 46EDA097132412B600A96613 /* keypad.png */; };
		46EDA0A4132412B600A96613 /* keypad@2x.png in Resources */ = {isa = PBXBuildFile; fileRef = 46EDA098132412B600A96613 /* keypad@2x.png */; };
		46EDA0A6132412B600A96613 /* speaker@2x.png in Resources */ = {isa = PBXBuildFile; fileRef = 46EDA09A132412B600A96613 /* speaker@2x.png */; };
		46EDA0A81324130800A96613 /* speaker.png in Resources */ = {isa = PBXBuildFile; fileRef = 46EDA0A71324130800A96613 /* speaker.png */; };
		46EDA17B132498BE00A96613 /* GraphicsHelpers.m in Sources */ = {isa = PBXBuildFile; fileRef = 46EDA17A132498BE00A96613 /* GraphicsHelpers.m */; };
/* End PBXBuildFile section */

/* Begin PBXFileReference section */
		1D30AB110D05D00D00671497 /* Foundation.framework */ = {isa = PBXFileReference; lastKnownFileType = wrapper.framework; name = Foundation.framework; path = System/Library/Frameworks/Foundation.framework; sourceTree = SDKROOT; };
		1D3623240D0F684500981E51 /* DeceptiCamAppDelegate.h */ = {isa = PBXFileReference; fileEncoding = 4; lastKnownFileType = sourcecode.c.h; path = DeceptiCamAppDelegate.h; sourceTree = "<group>"; };
		1D3623250D0F684500981E51 /* DeceptiCamAppDelegate.m */ = {isa = PBXFileReference; fileEncoding = 4; lastKnownFileType = sourcecode.c.objc; path = DeceptiCamAppDelegate.m; sourceTree = "<group>"; };
		1D6058910D05DD3D006BFB54 /* DeceptiCam.app */ = {isa = PBXFileReference; explicitFileType = wrapper.application; includeInIndex = 0; path = DeceptiCam.app; sourceTree = BUILT_PRODUCTS_DIR; };
		1DF5F4DF0D08C38300B7A737 /* UIKit.framework */ = {isa = PBXFileReference; lastKnownFileType = wrapper.framework; name = UIKit.framework; path = System/Library/Frameworks/UIKit.framework; sourceTree = SDKROOT; };
		288765A40DF7441C002DB57D /* CoreGraphics.framework */ = {isa = PBXFileReference; lastKnownFileType = wrapper.framework; name = CoreGraphics.framework; path = System/Library/Frameworks/CoreGraphics.framework; sourceTree = SDKROOT; };
		2899E5210DE3E06400AC0155 /* DeceptiCamViewController.xib */ = {isa = PBXFileReference; lastKnownFileType = file.xib; path = DeceptiCamViewController.xib; sourceTree = "<group>"; };
		28AD733E0D9D9553002E5188 /* MainWindow.xib */ = {isa = PBXFileReference; lastKnownFileType = file.xib; path = MainWindow.xib; sourceTree = "<group>"; };
		28D7ACF60DDB3853001CB0EB /* DeceptiCamViewController.h */ = {isa = PBXFileReference; fileEncoding = 4; lastKnownFileType = sourcecode.c.h; path = DeceptiCamViewController.h; sourceTree = "<group>"; };
		28D7ACF70DDB3853001CB0EB /* DeceptiCamViewController.m */ = {isa = PBXFileReference; fileEncoding = 4; lastKnownFileType = sourcecode.c.objc; path = DeceptiCamViewController.m; sourceTree = "<group>"; };
		29B97316FDCFA39411CA2CEA /* main.m */ = {isa = PBXFileReference; fileEncoding = 4; lastKnownFileType = sourcecode.c.objc; path = main.m; sourceTree = "<group>"; };
		32CA4F630368D1EE00C91783 /* DeceptiCam_Prefix.pch */ = {isa = PBXFileReference; fileEncoding = 4; lastKnownFileType = sourcecode.c.h; path = DeceptiCam_Prefix.pch; sourceTree = "<group>"; };
		463AF9EA1317623F0019E904 /* ImageIO.framework */ = {isa = PBXFileReference; lastKnownFileType = wrapper.framework; name = ImageIO.framework; path = System/Library/Frameworks/ImageIO.framework; sourceTree = SDKROOT; };
		463AFA6F1317692A0019E904 /* LACamManager.m */ = {isa = PBXFileReference; fileEncoding = 4; lastKnownFileType = sourcecode.c.objc; path = LACamManager.m; sourceTree = "<group>"; };
		463AFA701317692A0019E904 /* LACamManager.h */ = {isa = PBXFileReference; fileEncoding = 4; lastKnownFileType = sourcecode.c.h; path = LACamManager.h; sourceTree = "<group>"; };
		463AFAAF13176CB60019E904 /* CoreMedia.framework */ = {isa = PBXFileReference; lastKnownFileType = wrapper.framework; name = CoreMedia.framework; path = System/Library/Frameworks/CoreMedia.framework; sourceTree = SDKROOT; };
		463AFB001319A7F10019E904 /* AssetsLibrary.framework */ = {isa = PBXFileReference; lastKnownFileType = wrapper.framework; name = AssetsLibrary.framework; path = System/Library/Frameworks/AssetsLibrary.framework; sourceTree = SDKROOT; };
		4641EBC0167EE47E00A4E590 /* End@2x.png */ = {isa = PBXFileReference; lastKnownFileType = image.png; path = "End@2x.png"; sourceTree = "<group>"; };
		4642C08F167AEFA30039EE16 /* LAGlossyStatusView.h */ = {isa = PBXFileReference; fileEncoding = 4; lastKnownFileType = sourcecode.c.h; path = LAGlossyStatusView.h; sourceTree = "<group>"; };
		4642C090167AEFA30039EE16 /* LAGlossyStatusView.m */ = {isa = PBXFileReference; fileEncoding = 4; lastKnownFileType = sourcecode.c.objc; path = LAGlossyStatusView.m; sourceTree = "<group>"; };
		4642C092167AF3BE0039EE16 /* Default-568h@2x.png */ = {isa = PBXFileReference; lastKnownFileType = image.png; path = "Default-568h@2x.png"; sourceTree = "<group>"; };
		46A15289131AF49A00EBBB69 /* AudioToolbox.framework */ = {isa = PBXFileReference; lastKnownFileType = wrapper.framework; name = AudioToolbox.framework; path = System/Library/Frameworks/AudioToolbox.framework; sourceTree = SDKROOT; };
		46A15291131DEFCF00EBBB69 /* LACallButton.h */ = {isa = PBXFileReference; fileEncoding = 4; lastKnownFileType = sourcecode.c.h; path = LACallButton.h; sourceTree = "<group>"; };
		46A15292131DEFCF00EBBB69 /* LACallButton.m */ = {isa = PBXFileReference; fileEncoding = 4; lastKnownFileType = sourcecode.c.objc; path = LACallButton.m; sourceTree = "<group>"; };
		46A152E5131DF60C00EBBB69 /* QuartzCore.framework */ = {isa = PBXFileReference; lastKnownFileType = wrapper.framework; name = QuartzCore.framework; path = System/Library/Frameworks/QuartzCore.framework; sourceTree = SDKROOT; };
		46A153D0131F337900EBBB69 /* LACallButtonContainer.h */ = {isa = PBXFileReference; fileEncoding = 4; lastKnownFileType = sourcecode.c.h; path = LACallButtonContainer.h; sourceTree = "<group>"; };
		46A153D1131F337900EBBB69 /* LACallButtonContainer.m */ = {isa = PBXFileReference; fileEncoding = 4; lastKnownFileType = sourcecode.c.objc; path = LACallButtonContainer.m; sourceTree = "<group>"; };
		46A15442131F50DD00EBBB69 /* 1x1black.png */ = {isa = PBXFileReference; lastKnownFileType = image.png; path = 1x1black.png; sourceTree = "<group>"; };
		46A15467131F5A3000EBBB69 /* 1x1blue.png */ = {isa = PBXFileReference; lastKnownFileType = image.png; path = 1x1blue.png; sourceTree = "<group>"; };
		46E1741413104631001C311E /* AVFoundation.framework */ = {isa = PBXFileReference; lastKnownFileType = wrapper.framework; name = AVFoundation.framework; path = System/Library/Frameworks/AVFoundation.framework; sourceTree = SDKROOT; };
		46E1741613104631001C311E /* MobileCoreServices.framework */ = {isa = PBXFileReference; lastKnownFileType = wrapper.framework; name = MobileCoreServices.framework; path = System/Library/Frameworks/MobileCoreServices.framework; sourceTree = SDKROOT; };
		46E1744F13104AD3001C311E /* in-call-screen@2x.png */ = {isa = PBXFileReference; lastKnownFileType = image.png; path = "in-call-screen@2x.png"; sourceTree = "<group>"; };
		46EDA08F132412B600A96613 /* contacts.png */ = {isa = PBXFileReference; lastKnownFileType = image.png; path = contacts.png; sourceTree = "<group>"; };
		46EDA090132412B600A96613 /* contacts@2x.png */ = {isa = PBXFileReference; lastKnownFileType = image.png; path = "contacts@2x.png"; sourceTree = "<group>"; };
		46EDA091132412B600A96613 /* video.png */ = {isa = PBXFileReference; lastKnownFileType = image.png; path = video.png; sourceTree = "<group>"; };
		46EDA092132412B600A96613 /* video@2x.png */ = {isa = PBXFileReference; lastKnownFileType = image.png; path = "video@2x.png"; sourceTree = "<group>"; };
		46EDA093132412B600A96613 /* add_call.png */ = {isa = PBXFileReference; lastKnownFileType = image.png; path = add_call.png; sourceTree = "<group>"; };
		46EDA094132412B600A96613 /* add_call@2x.png */ = {isa = PBXFileReference; lastKnownFileType = image.png; path = "add_call@2x.png"; sourceTree = "<group>"; };
		46EDA095132412B600A96613 /* mute.png */ = {isa = PBXFileReference; lastKnownFileType = image.png; path = mute.png; sourceTree = "<group>"; };
		46EDA096132412B600A96613 /* mute@2x.png */ = {isa = PBXFileReference; lastKnownFileType = image.png; path = "mute@2x.png"; sourceTree = "<group>"; };
		46EDA097132412B600A96613 /* keypad.png */ = {isa = PBXFileReference; lastKnownFileType = image.png; path = keypad.png; sourceTree = "<group>"; };
		46EDA098132412B600A96613 /* keypad@2x.png */ = {isa = PBXFileReference; lastKnownFileType = image.png; path = "keypad@2x.png"; sourceTree = "<group>"; };
		46EDA09A132412B600A96613 /* speaker@2x.png */ = {isa = PBXFileReference; lastKnownFileType = image.png; path = "speaker@2x.png"; sourceTree = "<group>"; };
		46EDA0A71324130800A96613 /* speaker.png */ = {isa = PBXFileReference; lastKnownFileType = image.png; path = speaker.png; sourceTree = "<group>"; };
		46EDA179132498BE00A96613 /* GraphicsHelpers.h */ = {isa = PBXFileReference; fileEncoding = 4; lastKnownFileType = sourcecode.c.h; path = GraphicsHelpers.h; sourceTree = "<group>"; };
		46EDA17A132498BE00A96613 /* GraphicsHelpers.m */ = {isa = PBXFileReference; fileEncoding = 4; lastKnownFileType = sourcecode.c.objc; path = GraphicsHelpers.m; sourceTree = "<group>"; };
		8D1107310486CEB800E47090 /* DeceptiCam-Info.plist */ = {isa = PBXFileReference; fileEncoding = 4; lastKnownFileType = text.plist.xml; path = "DeceptiCam-Info.plist"; plistStructureDefinitionIdentifier = "com.apple.xcode.plist.structure-definition.iphone.info-plist"; sourceTree = "<group>"; };
/* End PBXFileReference section */

/* Begin PBXFrameworksBuildPhase section */
		1D60588F0D05DD3D006BFB54 /* Frameworks */ = {
			isa = PBXFrameworksBuildPhase;
			buildActionMask = 2147483647;
			files = (
				1D60589F0D05DD5A006BFB54 /* Foundation.framework in Frameworks */,
				1DF5F4E00D08C38300B7A737 /* UIKit.framework in Frameworks */,
				288765A50DF7441C002DB57D /* CoreGraphics.framework in Frameworks */,
				46E1741513104631001C311E /* AVFoundation.framework in Frameworks */,
				46E1741713104631001C311E /* MobileCoreServices.framework in Frameworks */,
				463AF9EB1317623F0019E904 /* ImageIO.framework in Frameworks */,
				463AFAB013176CB60019E904 /* CoreMedia.framework in Frameworks */,
				463AFB011319A7F10019E904 /* AssetsLibrary.framework in Frameworks */,
				46A1528A131AF49A00EBBB69 /* AudioToolbox.framework in Frameworks */,
				46A152E6131DF60C00EBBB69 /* QuartzCore.framework in Frameworks */,
			);
			runOnlyForDeploymentPostprocessing = 0;
		};
/* End PBXFrameworksBuildPhase section */

/* Begin PBXGroup section */
		080E96DDFE201D6D7F000001 /* Classes */ = {
			isa = PBXGroup;
			children = (
				46EDA179132498BE00A96613 /* GraphicsHelpers.h */,
				4642C08F167AEFA30039EE16 /* LAGlossyStatusView.h */,
				4642C090167AEFA30039EE16 /* LAGlossyStatusView.m */,
				46EDA17A132498BE00A96613 /* GraphicsHelpers.m */,
				463AFA701317692A0019E904 /* LACamManager.h */,
				463AFA6F1317692A0019E904 /* LACamManager.m */,
				1D3623240D0F684500981E51 /* DeceptiCamAppDelegate.h */,
				1D3623250D0F684500981E51 /* DeceptiCamAppDelegate.m */,
				28D7ACF60DDB3853001CB0EB /* DeceptiCamViewController.h */,
				28D7ACF70DDB3853001CB0EB /* DeceptiCamViewController.m */,
				46A15291131DEFCF00EBBB69 /* LACallButton.h */,
				46A15292131DEFCF00EBBB69 /* LACallButton.m */,
				46A153D0131F337900EBBB69 /* LACallButtonContainer.h */,
				46A153D1131F337900EBBB69 /* LACallButtonContainer.m */,
			);
			path = Classes;
			sourceTree = "<group>";
		};
		19C28FACFE9D520D11CA2CBB /* Products */ = {
			isa = PBXGroup;
			children = (
				1D6058910D05DD3D006BFB54 /* DeceptiCam.app */,
			);
			name = Products;
			sourceTree = "<group>";
		};
		29B97314FDCFA39411CA2CEA /* CustomTemplate */ = {
			isa = PBXGroup;
			children = (
				4642C092167AF3BE0039EE16 /* Default-568h@2x.png */,
				080E96DDFE201D6D7F000001 /* Classes */,
				29B97315FDCFA39411CA2CEA /* Other Sources */,
				29B97317FDCFA39411CA2CEA /* Resources */,
				29B97323FDCFA39411CA2CEA /* Frameworks */,
				19C28FACFE9D520D11CA2CBB /* Products */,
			);
			name = CustomTemplate;
			sourceTree = "<group>";
		};
		29B97315FDCFA39411CA2CEA /* Other Sources */ = {
			isa = PBXGroup;
			children = (
				32CA4F630368D1EE00C91783 /* DeceptiCam_Prefix.pch */,
				29B97316FDCFA39411CA2CEA /* main.m */,
			);
			name = "Other Sources";
			sourceTree = "<group>";
		};
		29B97317FDCFA39411CA2CEA /* Resources */ = {
			isa = PBXGroup;
			children = (
				46EDA0891324129C00A96613 /* Images */,
				46A15442131F50DD00EBBB69 /* 1x1black.png */,
				46A15467131F5A3000EBBB69 /* 1x1blue.png */,
				4641EBC0167EE47E00A4E590 /* End@2x.png */,
				2899E5210DE3E06400AC0155 /* DeceptiCamViewController.xib */,
				28AD733E0D9D9553002E5188 /* MainWindow.xib */,
				8D1107310486CEB800E47090 /* DeceptiCam-Info.plist */,
				46E1744F13104AD3001C311E /* in-call-screen@2x.png */,
			);
			name = Resources;
			sourceTree = "<group>";
		};
		29B97323FDCFA39411CA2CEA /* Frameworks */ = {
			isa = PBXGroup;
			children = (
				1DF5F4DF0D08C38300B7A737 /* UIKit.framework */,
				1D30AB110D05D00D00671497 /* Foundation.framework */,
				288765A40DF7441C002DB57D /* CoreGraphics.framework */,
				46E1741413104631001C311E /* AVFoundation.framework */,
				46E1741613104631001C311E /* MobileCoreServices.framework */,
				463AF9EA1317623F0019E904 /* ImageIO.framework */,
				463AFAAF13176CB60019E904 /* CoreMedia.framework */,
				463AFB001319A7F10019E904 /* AssetsLibrary.framework */,
				46A15289131AF49A00EBBB69 /* AudioToolbox.framework */,
				46A152E5131DF60C00EBBB69 /* QuartzCore.framework */,
			);
			name = Frameworks;
			sourceTree = "<group>";
		};
		46EDA0891324129C00A96613 /* Images */ = {
			isa = PBXGroup;
			children = (
				46EDA08F132412B600A96613 /* contacts.png */,
				46EDA090132412B600A96613 /* contacts@2x.png */,
				46EDA091132412B600A96613 /* video.png */,
				46EDA092132412B600A96613 /* video@2x.png */,
				46EDA093132412B600A96613 /* add_call.png */,
				46EDA094132412B600A96613 /* add_call@2x.png */,
				46EDA095132412B600A96613 /* mute.png */,
				46EDA096132412B600A96613 /* mute@2x.png */,
				46EDA097132412B600A96613 /* keypad.png */,
				46EDA098132412B600A96613 /* keypad@2x.png */,
				46EDA0A71324130800A96613 /* speaker.png */,
				46EDA09A132412B600A96613 /* speaker@2x.png */,
			);
			name = Images;
			sourceTree = "<group>";
		};
/* End PBXGroup section */

/* Begin PBXNativeTarget section */
		1D6058900D05DD3D006BFB54 /* DeceptiCam */ = {
			isa = PBXNativeTarget;
			buildConfigurationList = 1D6058960D05DD3E006BFB54 /* Build configuration list for PBXNativeTarget "DeceptiCam" */;
			buildPhases = (
				1D60588D0D05DD3D006BFB54 /* Resources */,
				1D60588E0D05DD3D006BFB54 /* Sources */,
				1D60588F0D05DD3D006BFB54 /* Frameworks */,
			);
			buildRules = (
			);
			dependencies = (
			);
			name = DeceptiCam;
			productName = DeceptiCam;
			productReference = 1D6058910D05DD3D006BFB54 /* DeceptiCam.app */;
			productType = "com.apple.product-type.application";
		};
/* End PBXNativeTarget section */

/* Begin PBXProject section */
		29B97313FDCFA39411CA2CEA /* Project object */ = {
			isa = PBXProject;
			attributes = {
				LastUpgradeCheck = 0420;
			};
			buildConfigurationList = C01FCF4E08A954540054247B /* Build configuration list for PBXProject "DeceptiCam" */;
			compatibilityVersion = "Xcode 3.2";
			developmentRegion = English;
			hasScannedForEncodings = 1;
			knownRegions = (
				English,
				Japanese,
				French,
				German,
			);
			mainGroup = 29B97314FDCFA39411CA2CEA /* CustomTemplate */;
			projectDirPath = "";
			projectRoot = "";
			targets = (
				1D6058900D05DD3D006BFB54 /* DeceptiCam */,
			);
		};
/* End PBXProject section */

/* Begin PBXResourcesBuildPhase section */
		1D60588D0D05DD3D006BFB54 /* Resources */ = {
			isa = PBXResourcesBuildPhase;
			buildActionMask = 2147483647;
			files = (
				28AD733F0D9D9553002E5188 /* MainWindow.xib in Resources */,
				2899E5220DE3E06400AC0155 /* DeceptiCamViewController.xib in Resources */,
				46E1745013104AD3001C311E /* in-call-screen@2x.png in Resources */,
				46A15443131F50DD00EBBB69 /* 1x1black.png in Resources */,
				46A15468131F5A3000EBBB69 /* 1x1blue.png in Resources */,
				46EDA09B132412B600A96613 /* contacts.png in Resources */,
				46EDA09C132412B600A96613 /* contacts@2x.png in Resources */,
				46EDA09D132412B600A96613 /* video.png in Resources */,
				46EDA09E132412B600A96613 /* video@2x.png in Resources */,
				46EDA09F132412B600A96613 /* add_call.png in Resources */,
				46EDA0A0132412B600A96613 /* add_call@2x.png in Resources */,
				46EDA0A1132412B600A96613 /* mute.png in Resources */,
				46EDA0A2132412B600A96613 /* mute@2x.png in Resources */,
				46EDA0A3132412B600A96613 /* keypad.png in Resources */,
				46EDA0A4132412B600A96613 /* keypad@2x.png in Resources */,
				46EDA0A6132412B600A96613 /* speaker@2x.png in Resources */,
				46EDA0A81324130800A96613 /* speaker.png in Resources */,
				4642C093167AF3BE0039EE16 /* Default-568h@2x.png in Resources */,
				4641EBC1167EE47E00A4E590 /* End@2x.png in Resources */,
			);
			runOnlyForDeploymentPostprocessing = 0;
		};
/* End PBXResourcesBuildPhase section */

/* Begin PBXSourcesBuildPhase section */
		1D60588E0D05DD3D006BFB54 /* Sources */ = {
			isa = PBXSourcesBuildPhase;
			buildActionMask = 2147483647;
			files = (
				1D60589B0D05DD56006BFB54 /* main.m in Sources */,
				1D3623260D0F684500981E51 /* DeceptiCamAppDelegate.m in Sources */,
				28D7ACF80DDB3853001CB0EB /* DeceptiCamViewController.m in Sources */,
				463AFA711317692A0019E904 /* LACamManager.m in Sources */,
				46A15293131DEFCF00EBBB69 /* LACallButton.m in Sources */,
				46A153D2131F337900EBBB69 /* LACallButtonContainer.m in Sources */,
				46EDA17B132498BE00A96613 /* GraphicsHelpers.m in Sources */,
				4642C091167AEFA30039EE16 /* LAGlossyStatusView.m in Sources */,
			);
			runOnlyForDeploymentPostprocessing = 0;
		};
/* End PBXSourcesBuildPhase section */

/* Begin XCBuildConfiguration section */
		1D6058940D05DD3E006BFB54 /* Debug */ = {
			isa = XCBuildConfiguration;
			buildSettings = {
				ALWAYS_SEARCH_USER_PATHS = NO;
				CODE_SIGN_ENTITLEMENTS = "";
				COPY_PHASE_STRIP = NO;
				GCC_DYNAMIC_NO_PIC = NO;
				GCC_OPTIMIZATION_LEVEL = 0;
				GCC_PRECOMPILE_PREFIX_HEADER = YES;
				GCC_PREFIX_HEADER = DeceptiCam_Prefix.pch;
				GCC_VERSION = "";
				INFOPLIST_FILE = "DeceptiCam-Info.plist";
				PRODUCT_NAME = DeceptiCam;
			};
			name = Debug;
		};
		1D6058950D05DD3E006BFB54 /* Release */ = {
			isa = XCBuildConfiguration;
			buildSettings = {
				ALWAYS_SEARCH_USER_PATHS = NO;
				CODE_SIGN_ENTITLEMENTS = "~/Documents/iPhone-Apps/DeceptiCam/EntitlementsDevelopment.plist";
				COPY_PHASE_STRIP = YES;
				GCC_PRECOMPILE_PREFIX_HEADER = YES;
				GCC_PREFIX_HEADER = DeceptiCam_Prefix.pch;
				GCC_VERSION = "";
				INFOPLIST_FILE = "DeceptiCam-Info.plist";
				PRODUCT_NAME = DeceptiCam;
				VALIDATE_PRODUCT = YES;
			};
			name = Release;
		};
		4682DF531323395700ADF185 /* Ad Hoc */ = {
			isa = XCBuildConfiguration;
			buildSettings = {
				ARCHS = "$(ARCHS_STANDARD_32_BIT)";
				CODE_SIGN_ENTITLEMENTS = Entitlements.plist;
				CODE_SIGN_IDENTITY = "iPhone Distribution: Lars Anderson";
				"CODE_SIGN_IDENTITY[sdk=iphoneos*]" = "iPhone Distribution: Lars Anderson";
				GCC_C_LANGUAGE_STANDARD = c99;
				GCC_VERSION = com.apple.compilers.llvm.clang.1_0;
				GCC_WARN_ABOUT_RETURN_TYPE = YES;
				GCC_WARN_UNUSED_VARIABLE = YES;
				IPHONEOS_DEPLOYMENT_TARGET = 4.0;
				OTHER_CFLAGS = "-DNS_BLOCK_ASSERTIONS=1";
				PROVISIONING_PROFILE = "D015BB22-8028-46B6-807E-EF168DCAEA3C";
				"PROVISIONING_PROFILE[sdk=iphoneos*]" = "D015BB22-8028-46B6-807E-EF168DCAEA3C";
				SDKROOT = iphoneos;
			};
			name = "Ad Hoc";
		};
		4682DF541323395700ADF185 /* Ad Hoc */ = {
			isa = XCBuildConfiguration;
			buildSettings = {
				ALWAYS_SEARCH_USER_PATHS = NO;
				CODE_SIGN_ENTITLEMENTS = "~/Documents/iPhone-Apps/DeceptiCam/EntitlementsDevelopment.plist";
				COPY_PHASE_STRIP = YES;
				GCC_PRECOMPILE_PREFIX_HEADER = YES;
				GCC_PREFIX_HEADER = DeceptiCam_Prefix.pch;
				GCC_VERSION = "";
				INFOPLIST_FILE = "DeceptiCam-Info.plist";
				PRODUCT_NAME = DeceptiCam;
				VALIDATE_PRODUCT = YES;
			};
			name = "Ad Hoc";
		};
		C01FCF4F08A954540054247B /* Debug */ = {
			isa = XCBuildConfiguration;
			buildSettings = {
				ARCHS = "$(ARCHS_STANDARD_32_BIT)";
				CODE_SIGN_ENTITLEMENTS = "";
				CODE_SIGN_IDENTITY = "iPhone Developer";
				"CODE_SIGN_IDENTITY[sdk=iphoneos*]" = "iPhone Developer";
				GCC_C_LANGUAGE_STANDARD = c99;
				GCC_VERSION = com.apple.compilers.llvm.clang.1_0;
				GCC_WARN_ABOUT_RETURN_TYPE = YES;
				GCC_WARN_UNUSED_VARIABLE = YES;
				IPHONEOS_DEPLOYMENT_TARGET = 4.0;
				PROVISIONING_PROFILE = "";
				"PROVISIONING_PROFILE[sdk=iphoneos*]" = "";
				RUN_CLANG_STATIC_ANALYZER = YES;
				SDKROOT = iphoneos;
			};
			name = Debug;
		};
		C01FCF5008A954540054247B /* Release */ = {
			isa = XCBuildConfiguration;
			buildSettings = {
				ARCHS = "$(ARCHS_STANDARD_32_BIT)";
				CODE_SIGN_IDENTITY = "iPhone Developer: Lars Anderson (47WYENZZ4N)";
				"CODE_SIGN_IDENTITY[sdk=iphoneos*]" = "iPhone Developer";
				GCC_C_LANGUAGE_STANDARD = c99;
				GCC_VERSION = com.apple.compilers.llvm.clang.1_0;
				GCC_WARN_ABOUT_RETURN_TYPE = YES;
				GCC_WARN_UNUSED_VARIABLE = YES;
				IPHONEOS_DEPLOYMENT_TARGET = 4.0;
				OTHER_CFLAGS = "-DNS_BLOCK_ASSERTIONS=1";
				PROVISIONING_PROFILE = "E61C0CC3-41B1-43D2-B6AB-1D3314FCE7C2";
				SDKROOT = iphoneos;
			};
			name = Release;
		};
/* End XCBuildConfiguration section */

/* Begin XCConfigurationList section */
		1D6058960D05DD3E006BFB54 /* Build configuration list for PBXNativeTarget "DeceptiCam" */ = {
			isa = XCConfigurationList;
			buildConfigurations = (
				1D6058940D05DD3E006BFB54 /* Debug */,
				1D6058950D05DD3E006BFB54 /* Release */,
				4682DF541323395700ADF185 /* Ad Hoc */,
			);
			defaultConfigurationIsVisible = 0;
			defaultConfigurationName = Release;
		};
		C01FCF4E08A954540054247B /* Build configuration list for PBXProject "DeceptiCam" */ = {
			isa = XCConfigurationList;
			buildConfigurations = (
				C01FCF4F08A954540054247B /* Debug */,
				C01FCF5008A954540054247B /* Release */,
				4682DF531323395700ADF185 /* Ad Hoc */,
			);
			defaultConfigurationIsVisible = 0;
			defaultConfigurationName = Release;
		};
/* End XCConfigurationList section */
	};
	rootObject = 29B97313FDCFA39411CA2CEA /* Project object */;
}
